
Microsoft Visual Studio Solution File, Format Version 12.00
# Visual Studio Version 16
VisualStudioVersion = 16.0.31025.194
MinimumVisualStudioVersion = 10.0.40219.1
Project("{FAE04EC0-301F-11D3-BF4B-00C04F79EFBC}") = "CreatePhoneNumber.Test", "CreatePhoneNumber.Test\CreatePhoneNumber.Test.csproj", "{E4D217AA-C903-490B-910B-5ECDCD04D189}"
EndProject
Global
	GlobalSection(SolutionConfigurationPlatforms) = preSolution
		Debug|Any CPU = Debug|Any CPU
		Release|Any CPU = Release|Any CPU
	EndGlobalSection
	GlobalSection(ProjectConfigurationPlatforms) = postSolution
		{E4D217AA-C903-490B-910B-5ECDCD04D189}.Debug|Any CPU.ActiveCfg = Debug|Any CPU
		{E4D217AA-C903-490B-910B-5ECDCD04D189}.Debug|Any CPU.Build.0 = Debug|Any CPU
		{E4D217AA-C903-490B-910B-5ECDCD04D189}.Release|Any CPU.ActiveCfg = Release|Any CPU
		{E4D217AA-C903-490B-910B-5ECDCD04D189}.Release|Any CPU.Build.0 = Release|Any CPU
	EndGlobalSection
	GlobalSection(SolutionProperties) = preSolution
		HideSolutionNode = FALSE
	EndGlobalSection
	GlobalSection(ExtensibilityGlobals) = postSolution
		SolutionGuid = {D15B7BDE-0D4F-460A-B7E4-88ABDE527C96}
	EndGlobalSection
EndGlobal
